
Microsoft Visual Studio Solution File, Format Version 12.00
# Visual Studio 14
VisualStudioVersion = 14.0.25420.1
MinimumVisualStudioVersion = 10.0.40219.1
Project("{FAE04EC0-301F-11D3-BF4B-00C04F79EFBC}") = "DSD_Mobipay", "DSD_Mobipay\DSD_Mobipay.csproj", "{75B5C951-7331-4AF9-8BA0-33CD21C05A0B}"
EndProject
Project("{2150E333-8FDC-42A3-9474-1A3956D46DE8}") = "BackEnd", "BackEnd", "{8ED33D39-F9AC-4867-9C21-739D27445694}"
EndProject
Project("{2150E333-8FDC-42A3-9474-1A3956D46DE8}") = "FrontEnd", "FrontEnd", "{014479C3-61E1-4F3D-914D-4599D38848B8}"
EndProject
Project("{2150E333-8FDC-42A3-9474-1A3956D46DE8}") = "Tests", "Tests", "{C6DCDE67-0A65-4187-93C9-9A450476E0B2}"
EndProject
Project("{FAE04EC0-301F-11D3-BF4B-00C04F79EFBC}") = "DSD.Adapters", "DSD.Adapters\DSD.Adapters.csproj", "{0CE33295-7356-4F97-979B-CC7253C5C45E}"
EndProject
Project("{FAE04EC0-301F-11D3-BF4B-00C04F79EFBC}") = "DSD.BusinessEntity", "DSD.BusinessEntity\DSD.BusinessEntity.csproj", "{CE547FBC-3837-4638-BF0D-D2A96EB57E0B}"
EndProject
Project("{FAE04EC0-301F-11D3-BF4B-00C04F79EFBC}") = "DSD.BusinessLogic", "DSD.BusinessLogic\DSD.BusinessLogic.csproj", "{0FF9B325-1264-46DA-A386-E757252FE053}"
EndProject
Project("{FAE04EC0-301F-11D3-BF4B-00C04F79EFBC}") = "DSD.Utils", "DSD.Utils\DSD.Utils.csproj", "{870DCFB6-07CC-481D-9A09-DA1258D81989}"
EndProject
Project("{FAE04EC0-301F-11D3-BF4B-00C04F79EFBC}") = "DSD.DataAccess", "DSD.DataAccess\DSD.DataAccess.csproj", "{17139301-4459-47BE-B7BB-8366F358C1F7}"
EndProject
Project("{FAE04EC0-301F-11D3-BF4B-00C04F79EFBC}") = "DSD.ServiceAgents", "ServiceAgents\DSD.ServiceAgents.csproj", "{B9D26B3B-4AD0-489D-9F79-848941824EB6}"
EndProject
Project("{2150E333-8FDC-42A3-9474-1A3956D46DE8}") = "Services", "Services", "{8A2DB79D-9E41-4238-BF5E-F6340A4D62ED}"
EndProject
Project("{FAE04EC0-301F-11D3-BF4B-00C04F79EFBC}") = "DSD.WFC.UserOperation", "DSD.WFC.UserOperation\DSD.WFC.UserOperation.csproj", "{B4E28F39-38D8-48FD-87A6-45540E363DCF}"
EndProject
Project("{FAE04EC0-301F-11D3-BF4B-00C04F79EFBC}") = "UsuariosTest", "UsuariosTest\UsuariosTest.csproj", "{DC69CB94-DDF6-4663-9C87-E36A46B710FB}"
EndProject
Global
	GlobalSection(SolutionConfigurationPlatforms) = preSolution
		Debug|Any CPU = Debug|Any CPU
		Release|Any CPU = Release|Any CPU
	EndGlobalSection
	GlobalSection(ProjectConfigurationPlatforms) = postSolution
		{75B5C951-7331-4AF9-8BA0-33CD21C05A0B}.Debug|Any CPU.ActiveCfg = Debug|Any CPU
		{75B5C951-7331-4AF9-8BA0-33CD21C05A0B}.Debug|Any CPU.Build.0 = Debug|Any CPU
		{75B5C951-7331-4AF9-8BA0-33CD21C05A0B}.Release|Any CPU.ActiveCfg = Release|Any CPU
		{75B5C951-7331-4AF9-8BA0-33CD21C05A0B}.Release|Any CPU.Build.0 = Release|Any CPU
		{0CE33295-7356-4F97-979B-CC7253C5C45E}.Debug|Any CPU.ActiveCfg = Debug|Any CPU
		{0CE33295-7356-4F97-979B-CC7253C5C45E}.Debug|Any CPU.Build.0 = Debug|Any CPU
		{0CE33295-7356-4F97-979B-CC7253C5C45E}.Release|Any CPU.ActiveCfg = Release|Any CPU
		{0CE33295-7356-4F97-979B-CC7253C5C45E}.Release|Any CPU.Build.0 = Release|Any CPU
		{CE547FBC-3837-4638-BF0D-D2A96EB57E0B}.Debug|Any CPU.ActiveCfg = Debug|Any CPU
		{CE547FBC-3837-4638-BF0D-D2A96EB57E0B}.Debug|Any CPU.Build.0 = Debug|Any CPU
		{CE547FBC-3837-4638-BF0D-D2A96EB57E0B}.Release|Any CPU.ActiveCfg = Release|Any CPU
		{CE547FBC-3837-4638-BF0D-D2A96EB57E0B}.Release|Any CPU.Build.0 = Release|Any CPU
		{0FF9B325-1264-46DA-A386-E757252FE053}.Debug|Any CPU.ActiveCfg = Debug|Any CPU
		{0FF9B325-1264-46DA-A386-E757252FE053}.Debug|Any CPU.Build.0 = Debug|Any CPU
		{0FF9B325-1264-46DA-A386-E757252FE053}.Release|Any CPU.ActiveCfg = Release|Any CPU
		{0FF9B325-1264-46DA-A386-E757252FE053}.Release|Any CPU.Build.0 = Release|Any CPU
		{870DCFB6-07CC-481D-9A09-DA1258D81989}.Debug|Any CPU.ActiveCfg = Debug|Any CPU
		{870DCFB6-07CC-481D-9A09-DA1258D81989}.Debug|Any CPU.Build.0 = Debug|Any CPU
		{870DCFB6-07CC-481D-9A09-DA1258D81989}.Release|Any CPU.ActiveCfg = Release|Any CPU
		{870DCFB6-07CC-481D-9A09-DA1258D81989}.Release|Any CPU.Build.0 = Release|Any CPU
		{17139301-4459-47BE-B7BB-8366F358C1F7}.Debug|Any CPU.ActiveCfg = Debug|Any CPU
		{17139301-4459-47BE-B7BB-8366F358C1F7}.Debug|Any CPU.Build.0 = Debug|Any CPU
		{17139301-4459-47BE-B7BB-8366F358C1F7}.Release|Any CPU.ActiveCfg = Release|Any CPU
		{17139301-4459-47BE-B7BB-8366F358C1F7}.Release|Any CPU.Build.0 = Release|Any CPU
		{B9D26B3B-4AD0-489D-9F79-848941824EB6}.Debug|Any CPU.ActiveCfg = Debug|Any CPU
		{B9D26B3B-4AD0-489D-9F79-848941824EB6}.Debug|Any CPU.Build.0 = Debug|Any CPU
		{B9D26B3B-4AD0-489D-9F79-848941824EB6}.Release|Any CPU.ActiveCfg = Release|Any CPU
		{B9D26B3B-4AD0-489D-9F79-848941824EB6}.Release|Any CPU.Build.0 = Release|Any CPU
		{B4E28F39-38D8-48FD-87A6-45540E363DCF}.Debug|Any CPU.ActiveCfg = Debug|Any CPU
		{B4E28F39-38D8-48FD-87A6-45540E363DCF}.Debug|Any CPU.Build.0 = Debug|Any CPU
		{B4E28F39-38D8-48FD-87A6-45540E363DCF}.Release|Any CPU.ActiveCfg = Release|Any CPU
		{B4E28F39-38D8-48FD-87A6-45540E363DCF}.Release|Any CPU.Build.0 = Release|Any CPU
		{DC69CB94-DDF6-4663-9C87-E36A46B710FB}.Debug|Any CPU.ActiveCfg = Debug|Any CPU
		{DC69CB94-DDF6-4663-9C87-E36A46B710FB}.Debug|Any CPU.Build.0 = Debug|Any CPU
		{DC69CB94-DDF6-4663-9C87-E36A46B710FB}.Release|Any CPU.ActiveCfg = Release|Any CPU
		{DC69CB94-DDF6-4663-9C87-E36A46B710FB}.Release|Any CPU.Build.0 = Release|Any CPU
	EndGlobalSection
	GlobalSection(SolutionProperties) = preSolution
		HideSolutionNode = FALSE
	EndGlobalSection
	GlobalSection(NestedProjects) = preSolution
		{75B5C951-7331-4AF9-8BA0-33CD21C05A0B} = {014479C3-61E1-4F3D-914D-4599D38848B8}
		{0CE33295-7356-4F97-979B-CC7253C5C45E} = {8ED33D39-F9AC-4867-9C21-739D27445694}
		{CE547FBC-3837-4638-BF0D-D2A96EB57E0B} = {8ED33D39-F9AC-4867-9C21-739D27445694}
		{0FF9B325-1264-46DA-A386-E757252FE053} = {8ED33D39-F9AC-4867-9C21-739D27445694}
		{870DCFB6-07CC-481D-9A09-DA1258D81989} = {8ED33D39-F9AC-4867-9C21-739D27445694}
		{17139301-4459-47BE-B7BB-8366F358C1F7} = {8ED33D39-F9AC-4867-9C21-739D27445694}
		{B9D26B3B-4AD0-489D-9F79-848941824EB6} = {8ED33D39-F9AC-4867-9C21-739D27445694}
		{B4E28F39-38D8-48FD-87A6-45540E363DCF} = {8A2DB79D-9E41-4238-BF5E-F6340A4D62ED}
		{DC69CB94-DDF6-4663-9C87-E36A46B710FB} = {C6DCDE67-0A65-4187-93C9-9A450476E0B2}
	EndGlobalSection
EndGlobal
